
Microsoft Visual Studio Solution File, Format Version 12.00
# Visual Studio Version 17
VisualStudioVersion = 17.6.33829.357
MinimumVisualStudioVersion = 10.0.40219.1
Project("{FAE04EC0-301F-11D3-BF4B-00C04F79EFBC}") = "WpfApp1", "WpfApp1.csproj", "{F7CC2B78-F667-418D-A468-AF66F1C32B2A}"
EndProject
Global
	GlobalSection(SolutionConfigurationPlatforms) = preSolution
		Debug|Any CPU = Debug|Any CPU
		Release|Any CPU = Release|Any CPU
	EndGlobalSection
	GlobalSection(ProjectConfigurationPlatforms) = postSolution
		{F7CC2B78-F667-418D-A468-AF66F1C32B2A}.Debug|Any CPU.ActiveCfg = Debug|Any CPU
		{F7CC2B78-F667-418D-A468-AF66F1C32B2A}.Debug|Any CPU.Build.0 = Debug|Any CPU
		{F7CC2B78-F667-418D-A468-AF66F1C32B2A}.Release|Any CPU.ActiveCfg = Release|Any CPU
		{F7CC2B78-F667-418D-A468-AF66F1C32B2A}.Release|Any CPU.Build.0 = Release|Any CPU
	EndGlobalSection
	GlobalSection(SolutionProperties) = preSolution
		HideSolutionNode = FALSE
	EndGlobalSection
	GlobalSection(ExtensibilityGlobals) = postSolution
		SolutionGuid = {A03C7BAA-AFA1-4FE8-BA9D-B38A8DDF332F}
	EndGlobalSection
EndGlobal
